{
  "lockfileVersion": 1,
  "workspaces": {
    "": {
      "name": "coloriplo",
      "dependencies": {
        "@melloware/coloris": "^0.25.0",
        "@tsparticles/confetti": "^3.9.1",
      },
      "devDependencies": {
        "@resvg/resvg-js": "^2.6.2",
        "@types/bun": "latest",
      },
      "peerDependencies": {
        "typescript": "^5.9.2",
      },
    },
  },
  "packages": {
    "@melloware/coloris": ["@melloware/coloris@0.25.0", "", {}, "sha512-RBWVFLjWbup7GRkOXb9g3+ZtR9AevFtJinrRz2cYPLjZ3TCkNRGMWuNbmQWbZ5cF3VU7aQDZwUsYgIY/bGrh2g=="],

    "@resvg/resvg-js": ["@resvg/resvg-js@2.6.2", "", { "optionalDependencies": { "@resvg/resvg-js-android-arm-eabi": "2.6.2", "@resvg/resvg-js-android-arm64": "2.6.2", "@resvg/resvg-js-darwin-arm64": "2.6.2", "@resvg/resvg-js-darwin-x64": "2.6.2", "@resvg/resvg-js-linux-arm-gnueabihf": "2.6.2", "@resvg/resvg-js-linux-arm64-gnu": "2.6.2", "@resvg/resvg-js-linux-arm64-musl": "2.6.2", "@resvg/resvg-js-linux-x64-gnu": "2.6.2", "@resvg/resvg-js-linux-x64-musl": "2.6.2", "@resvg/resvg-js-win32-arm64-msvc": "2.6.2", "@resvg/resvg-js-win32-ia32-msvc": "2.6.2", "@resvg/resvg-js-win32-x64-msvc": "2.6.2" } }, "sha512-xBaJish5OeGmniDj9cW5PRa/PtmuVU3ziqrbr5xJj901ZDN4TosrVaNZpEiLZAxdfnhAe7uQ7QFWfjPe9d9K2Q=="],

    "@resvg/resvg-js-android-arm-eabi": ["@resvg/resvg-js-android-arm-eabi@2.6.2", "", { "os": "android", "cpu": "arm" }, "sha512-FrJibrAk6v29eabIPgcTUMPXiEz8ssrAk7TXxsiZzww9UTQ1Z5KAbFJs+Z0Ez+VZTYgnE5IQJqBcoSiMebtPHA=="],

    "@resvg/resvg-js-android-arm64": ["@resvg/resvg-js-android-arm64@2.6.2", "", { "os": "android", "cpu": "arm64" }, "sha512-VcOKezEhm2VqzXpcIJoITuvUS/fcjIw5NA/w3tjzWyzmvoCdd+QXIqy3FBGulWdClvp4g+IfUemigrkLThSjAQ=="],

    "@resvg/resvg-js-darwin-arm64": ["@resvg/resvg-js-darwin-arm64@2.6.2", "", { "os": "darwin", "cpu": "arm64" }, "sha512-nmok2LnAd6nLUKI16aEB9ydMC6Lidiiq2m1nEBDR1LaaP7FGs4AJ90qDraxX+CWlVuRlvNjyYJTNv8qFjtL9+A=="],

    "@resvg/resvg-js-darwin-x64": ["@resvg/resvg-js-darwin-x64@2.6.2", "", { "os": "darwin", "cpu": "x64" }, "sha512-GInyZLjgWDfsVT6+SHxQVRwNzV0AuA1uqGsOAW+0th56J7Nh6bHHKXHBWzUrihxMetcFDmQMAX1tZ1fZDYSRsw=="],

    "@resvg/resvg-js-linux-arm-gnueabihf": ["@resvg/resvg-js-linux-arm-gnueabihf@2.6.2", "", { "os": "linux", "cpu": "arm" }, "sha512-YIV3u/R9zJbpqTTNwTZM5/ocWetDKGsro0SWp70eGEM9eV2MerWyBRZnQIgzU3YBnSBQ1RcxRZvY/UxwESfZIw=="],

    "@resvg/resvg-js-linux-arm64-gnu": ["@resvg/resvg-js-linux-arm64-gnu@2.6.2", "", { "os": "linux", "cpu": "arm64" }, "sha512-zc2BlJSim7YR4FZDQ8OUoJg5holYzdiYMeobb9pJuGDidGL9KZUv7SbiD4E8oZogtYY42UZEap7dqkkYuA91pg=="],

    "@resvg/resvg-js-linux-arm64-musl": ["@resvg/resvg-js-linux-arm64-musl@2.6.2", "", { "os": "linux", "cpu": "arm64" }, "sha512-3h3dLPWNgSsD4lQBJPb4f+kvdOSJHa5PjTYVsWHxLUzH4IFTJUAnmuWpw4KqyQ3NA5QCyhw4TWgxk3jRkQxEKg=="],

    "@resvg/resvg-js-linux-x64-gnu": ["@resvg/resvg-js-linux-x64-gnu@2.6.2", "", { "os": "linux", "cpu": "x64" }, "sha512-IVUe+ckIerA7xMZ50duAZzwf1U7khQe2E0QpUxu5MBJNao5RqC0zwV/Zm965vw6D3gGFUl7j4m+oJjubBVoftw=="],

    "@resvg/resvg-js-linux-x64-musl": ["@resvg/resvg-js-linux-x64-musl@2.6.2", "", { "os": "linux", "cpu": "x64" }, "sha512-UOf83vqTzoYQO9SZ0fPl2ZIFtNIz/Rr/y+7X8XRX1ZnBYsQ/tTb+cj9TE+KHOdmlTFBxhYzVkP2lRByCzqi4jQ=="],

    "@resvg/resvg-js-win32-arm64-msvc": ["@resvg/resvg-js-win32-arm64-msvc@2.6.2", "", { "os": "win32", "cpu": "arm64" }, "sha512-7C/RSgCa+7vqZ7qAbItfiaAWhyRSoD4l4BQAbVDqRRsRgY+S+hgS3in0Rxr7IorKUpGE69X48q6/nOAuTJQxeQ=="],

    "@resvg/resvg-js-win32-ia32-msvc": ["@resvg/resvg-js-win32-ia32-msvc@2.6.2", "", { "os": "win32", "cpu": "ia32" }, "sha512-har4aPAlvjnLcil40AC77YDIk6loMawuJwFINEM7n0pZviwMkMvjb2W5ZirsNOZY4aDbo5tLx0wNMREp5Brk+w=="],

    "@resvg/resvg-js-win32-x64-msvc": ["@resvg/resvg-js-win32-x64-msvc@2.6.2", "", { "os": "win32", "cpu": "x64" }, "sha512-ZXtYhtUr5SSaBrUDq7DiyjOFJqBVL/dOBN7N/qmi/pO0IgiWW/f/ue3nbvu9joWE5aAKDoIzy/CxsY0suwGosQ=="],

    "@tsparticles/basic": ["@tsparticles/basic@3.9.1", "", { "dependencies": { "@tsparticles/engine": "3.9.1", "@tsparticles/move-base": "3.9.1", "@tsparticles/plugin-hex-color": "3.9.1", "@tsparticles/plugin-hsl-color": "3.9.1", "@tsparticles/plugin-rgb-color": "3.9.1", "@tsparticles/shape-circle": "3.9.1", "@tsparticles/updater-color": "3.9.1", "@tsparticles/updater-opacity": "3.9.1", "@tsparticles/updater-out-modes": "3.9.1", "@tsparticles/updater-size": "3.9.1" } }, "sha512-ijr2dHMx0IQHqhKW3qA8tfwrR2XYbbWYdaJMQuBo2CkwBVIhZ76U+H20Y492j/NXpd1FUnt2aC0l4CEVGVGdeQ=="],

    "@tsparticles/confetti": ["@tsparticles/confetti@3.9.1", "", { "dependencies": { "@tsparticles/basic": "3.9.1", "@tsparticles/engine": "3.9.1", "@tsparticles/plugin-emitters": "3.9.1", "@tsparticles/plugin-motion": "3.9.1", "@tsparticles/shape-cards": "3.9.1", "@tsparticles/shape-emoji": "3.9.1", "@tsparticles/shape-heart": "3.9.1", "@tsparticles/shape-image": "3.9.1", "@tsparticles/shape-polygon": "3.9.1", "@tsparticles/shape-square": "3.9.1", "@tsparticles/shape-star": "3.9.1", "@tsparticles/updater-life": "3.9.1", "@tsparticles/updater-roll": "3.9.1", "@tsparticles/updater-rotate": "3.9.1", "@tsparticles/updater-tilt": "3.9.1", "@tsparticles/updater-wobble": "3.9.1" } }, "sha512-S0Q6iBqQvcCaOzmnddmh41RHeLwzSdkLq8hU3Ryokmb9eqoS9MQdYz2tjUHHdTap+YLPlp64SZ15sC4C9ulFbA=="],

    "@tsparticles/engine": ["@tsparticles/engine@3.9.1", "", {}, "sha512-DpdgAhWMZ3Eh2gyxik8FXS6BKZ8vyea+Eu5BC4epsahqTGY9V3JGGJcXC6lRJx6cPMAx1A0FaQAojPF3v6rkmQ=="],

    "@tsparticles/move-base": ["@tsparticles/move-base@3.9.1", "", { "dependencies": { "@tsparticles/engine": "3.9.1" } }, "sha512-X4huBS27d8srpxwOxliWPUt+NtCwY+8q/cx1DvQxyqmTA8VFCGpcHNwtqiN+9JicgzOvSuaORVqUgwlsc7h4pQ=="],

    "@tsparticles/plugin-emitters": ["@tsparticles/plugin-emitters@3.9.1", "", { "dependencies": { "@tsparticles/engine": "3.9.1" } }, "sha512-h7opR8SoFWBmVHceDLJUerLENaPfkJSh2zQYvzmLj2L+V3VLS1QDgty+4QZVeZfqNROmgQw2eLFA5El1E0sqqw=="],

    "@tsparticles/plugin-hex-color": ["@tsparticles/plugin-hex-color@3.9.1", "", { "dependencies": { "@tsparticles/engine": "3.9.1" } }, "sha512-vZgZ12AjUicJvk7AX4K2eAmKEQX/D1VEjEPFhyjbgI7A65eX72M465vVKIgNA6QArLZ1DLs7Z787LOE6GOBWsg=="],

    "@tsparticles/plugin-hsl-color": ["@tsparticles/plugin-hsl-color@3.9.1", "", { "dependencies": { "@tsparticles/engine": "3.9.1" } }, "sha512-jJd1iGgRwX6eeNjc1zUXiJivaqC5UE+SC2A3/NtHwwoQrkfxGWmRHOsVyLnOBRcCPgBp/FpdDe6DIDjCMO715w=="],

    "@tsparticles/plugin-motion": ["@tsparticles/plugin-motion@3.9.1", "", { "dependencies": { "@tsparticles/engine": "3.9.1" } }, "sha512-I/356NHCiMUgFzWjAHYKO7YvBqKtHSktIPgTRruqlruyrAcwzjkT55ZQ1K5EcJLWETkF1bfG2VpJBRu8ksf9mw=="],

    "@tsparticles/plugin-rgb-color": ["@tsparticles/plugin-rgb-color@3.9.1", "", { "dependencies": { "@tsparticles/engine": "3.9.1" } }, "sha512-SBxk7f1KBfXeTnnklbE2Hx4jBgh6I6HOtxb+Os1gTp0oaghZOkWcCD2dP4QbUu7fVNCMOcApPoMNC8RTFcy9wQ=="],

    "@tsparticles/shape-cards": ["@tsparticles/shape-cards@3.9.1", "", { "dependencies": { "@tsparticles/engine": "3.9.1" } }, "sha512-/tQtGh6xC3UmKU2WO7VM5RoAnsvFvPkXcCJJHAQ6AIyWUKVWBrVuewF0ZbJQlNhWCEW/aqE199LuDAewqYAQ5A=="],

    "@tsparticles/shape-circle": ["@tsparticles/shape-circle@3.9.1", "", { "dependencies": { "@tsparticles/engine": "3.9.1" } }, "sha512-DqZFLjbuhVn99WJ+A9ajz9YON72RtCcvubzq6qfjFmtwAK7frvQeb6iDTp6Ze9FUipluxVZWVRG4vWTxi2B+/g=="],

    "@tsparticles/shape-emoji": ["@tsparticles/shape-emoji@3.9.1", "", { "dependencies": { "@tsparticles/engine": "3.9.1" } }, "sha512-ifvY63usuT+hipgVHb8gelBHSeF6ryPnMxAAEC1RGHhhXfpSRWMtE6ybr+pSsYU52M3G9+TF84v91pSwNrb9ZQ=="],

    "@tsparticles/shape-heart": ["@tsparticles/shape-heart@3.9.1", "", { "dependencies": { "@tsparticles/engine": "3.9.1" } }, "sha512-h1aYiBVCUAJ14zyK792EuX0332Hus6OgYy/4dk6PhfgdFTQaHk+FzGJjw+jEB8vpxOYtWeysT9uoofPZeDrqBQ=="],

    "@tsparticles/shape-image": ["@tsparticles/shape-image@3.9.1", "", { "dependencies": { "@tsparticles/engine": "3.9.1" } }, "sha512-fCA5eme8VF3oX8yNVUA0l2SLDKuiZObkijb0z3Ky0qj1HUEVlAuEMhhNDNB9E2iELTrWEix9z7BFMePp2CC7AA=="],

    "@tsparticles/shape-polygon": ["@tsparticles/shape-polygon@3.9.1", "", { "dependencies": { "@tsparticles/engine": "3.9.1" } }, "sha512-dA77PgZdoLwxnliH6XQM/zF0r4jhT01pw5y7XTeTqws++hg4rTLV9255k6R6eUqKq0FPSW1/WBsBIl7q/MmrqQ=="],

    "@tsparticles/shape-square": ["@tsparticles/shape-square@3.9.1", "", { "dependencies": { "@tsparticles/engine": "3.9.1" } }, "sha512-DKGkDnRyZrAm7T2ipqNezJahSWs6xd9O5LQLe5vjrYm1qGwrFxJiQaAdlb00UNrexz1/SA7bEoIg4XKaFa7qhQ=="],

    "@tsparticles/shape-star": ["@tsparticles/shape-star@3.9.1", "", { "dependencies": { "@tsparticles/engine": "3.9.1" } }, "sha512-kdMJpi8cdeb6vGrZVSxTG0JIjCwIenggqk0EYeKAwtOGZFBgL7eHhF2F6uu1oq8cJAbXPujEoabnLsz6mW8XaA=="],

    "@tsparticles/updater-color": ["@tsparticles/updater-color@3.9.1", "", { "dependencies": { "@tsparticles/engine": "3.9.1" } }, "sha512-XGWdscrgEMA8L5E7exsE0f8/2zHKIqnTrZymcyuFBw2DCB6BIV+5z6qaNStpxrhq3DbIxxhqqcybqeOo7+Alpg=="],

    "@tsparticles/updater-life": ["@tsparticles/updater-life@3.9.1", "", { "dependencies": { "@tsparticles/engine": "3.9.1" } }, "sha512-Oi8aF2RIwMMsjssUkCB6t3PRpENHjdZf6cX92WNfAuqXtQphr3OMAkYFJFWkvyPFK22AVy3p/cFt6KE5zXxwAA=="],

    "@tsparticles/updater-opacity": ["@tsparticles/updater-opacity@3.9.1", "", { "dependencies": { "@tsparticles/engine": "3.9.1" } }, "sha512-w778LQuRZJ+IoWzeRdrGykPYSSaTeWfBvLZ2XwYEkh/Ss961InOxZKIpcS6i5Kp/Zfw0fS1ZAuqeHwuj///Osw=="],

    "@tsparticles/updater-out-modes": ["@tsparticles/updater-out-modes@3.9.1", "", { "dependencies": { "@tsparticles/engine": "3.9.1" } }, "sha512-cKQEkAwbru+hhKF+GTsfbOvuBbx2DSB25CxOdhtW2wRvDBoCnngNdLw91rs+0Cex4tgEeibkebrIKFDDE6kELg=="],

    "@tsparticles/updater-roll": ["@tsparticles/updater-roll@3.9.1", "", { "dependencies": { "@tsparticles/engine": "3.9.1" } }, "sha512-zl4JeM3gUBJ0uttmIsond3lrZ3f3AkItFeS0Lhj/7jiCKfUoRyyOMrcBk8R1AhW7lI+7ko1iBs3jhO0jnxz9vg=="],

    "@tsparticles/updater-rotate": ["@tsparticles/updater-rotate@3.9.1", "", { "dependencies": { "@tsparticles/engine": "3.9.1" } }, "sha512-9BfKaGfp28JN82MF2qs6Ae/lJr9EColMfMTHqSKljblwbpVDHte4umuwKl3VjbRt87WD9MGtla66NTUYl+WxuQ=="],

    "@tsparticles/updater-size": ["@tsparticles/updater-size@3.9.1", "", { "dependencies": { "@tsparticles/engine": "3.9.1" } }, "sha512-3NSVs0O2ApNKZXfd+y/zNhTXSFeG1Pw4peI8e6z/q5+XLbmue9oiEwoPy/tQLaark3oNj3JU7Q903ZijPyXSzw=="],

    "@tsparticles/updater-tilt": ["@tsparticles/updater-tilt@3.9.1", "", { "dependencies": { "@tsparticles/engine": "3.9.1" } }, "sha512-PB2yaoyXRmSk4iIVgjtRrzOxXMK9mjeAQHIJGtT4faq46Z8cbIIEFgjTwqrUV8qOrNg/h4sm5NE/s0qsTYjp1Q=="],

    "@tsparticles/updater-wobble": ["@tsparticles/updater-wobble@3.9.1", "", { "dependencies": { "@tsparticles/engine": "3.9.1" } }, "sha512-c99Ogy9q4QWO+zsDXol0UnpUwZiY2UucFb8ltuDv9AlbGUeprygoub8jhgT5pEDv+GdzWOJGSgq7rfgv9cHBrg=="],

    "@types/bun": ["@types/bun@1.2.22", "", { "dependencies": { "bun-types": "1.2.22" } }, "sha512-5A/KrKos2ZcN0c6ljRSOa1fYIyCKhZfIVYeuyb4snnvomnpFqC0tTsEkdqNxbAgExV384OETQ//WAjl3XbYqQA=="],

    "@types/node": ["@types/node@24.4.0", "", { "dependencies": { "undici-types": "~7.11.0" } }, "sha512-gUuVEAK4/u6F9wRLznPUU4WGUacSEBDPoC2TrBkw3GAnOLHBL45QdfHOXp1kJ4ypBGLxTOB+t7NJLpKoC3gznQ=="],

    "@types/react": ["@types/react@19.1.13", "", { "dependencies": { "csstype": "^3.0.2" } }, "sha512-hHkbU/eoO3EG5/MZkuFSKmYqPbSVk5byPFa3e7y/8TybHiLMACgI8seVYlicwk7H5K/rI2px9xrQp/C+AUDTiQ=="],

    "bun-types": ["bun-types@1.2.22", "", { "dependencies": { "@types/node": "*" }, "peerDependencies": { "@types/react": "^19" } }, "sha512-hwaAu8tct/Zn6Zft4U9BsZcXkYomzpHJX28ofvx7k0Zz2HNz54n1n+tDgxoWFGB4PcFvJXJQloPhaV2eP3Q6EA=="],

    "csstype": ["csstype@3.1.3", "", {}, "sha512-M1uQkMl8rQK/szD0LNhtqxIPLpimGm8sOBwU7lLnCpSbTyY3yeU1Vc7l4KT5zT4s/yOxHH5O7tIuuLOCnLADRw=="],

    "typescript": ["typescript@5.9.2", "", { "bin": { "tsc": "bin/tsc", "tsserver": "bin/tsserver" } }, "sha512-CWBzXQrc/qOkhidw1OzBTQuYRbfyxDXJMVJ1XNwUHGROVmuaeiEm3OslpZ1RV96d7SKKjZKrSJu3+t/xlw3R9A=="],

    "undici-types": ["undici-types@7.11.0", "", {}, "sha512-kt1ZriHTi7MU+Z/r9DOdAI3ONdaR3M3csEaRc6ewa4f4dTvX4cQCbJ4NkEn0ohE4hHtq85+PhPSTY+pO/1PwgA=="],
  }
}
